
Microsoft Visual Studio Solution File, Format Version 12.00
# Visual Studio Version 17
VisualStudioVersion = 17.7.34221.43
MinimumVisualStudioVersion = 10.0.40219.1
Project("{FAE04EC0-301F-11D3-BF4B-00C04F79EFBC}") = "WordsFrequencyCalculator", "WordsFrequencyCalculator\WordsFrequencyCalculator.csproj", "{03F3F960-873D-4417-89BB-F1DBF09E4456}"
EndProject
Global
	GlobalSection(SolutionConfigurationPlatforms) = preSolution
		Debug|Any CPU = Debug|Any CPU
		Release|Any CPU = Release|Any CPU
	EndGlobalSection
	GlobalSection(ProjectConfigurationPlatforms) = postSolution
		{03F3F960-873D-4417-89BB-F1DBF09E4456}.Debug|Any CPU.ActiveCfg = Debug|Any CPU
		{03F3F960-873D-4417-89BB-F1DBF09E4456}.Debug|Any CPU.Build.0 = Debug|Any CPU
		{03F3F960-873D-4417-89BB-F1DBF09E4456}.Release|Any CPU.ActiveCfg = Release|Any CPU
		{03F3F960-873D-4417-89BB-F1DBF09E4456}.Release|Any CPU.Build.0 = Release|Any CPU
	EndGlobalSection
	GlobalSection(SolutionProperties) = preSolution
		HideSolutionNode = FALSE
	EndGlobalSection
	GlobalSection(ExtensibilityGlobals) = postSolution
		SolutionGuid = {7804E697-31D4-4ADD-BBDF-BED1216CD7A0}
	EndGlobalSection
EndGlobal
